
Microsoft Visual Studio Solution File, Format Version 11.00
# Visual Studio 2010
Project("{FAE04EC0-301F-11D3-BF4B-00C04F79EFBC}") = "Assembly-CSharp", "Assembly-CSharp.csproj", "{c9223e4a-72a6-254a-16b3-f269cbee17e6}"
EndProject
Project("{FAE04EC0-301F-11D3-BF4B-00C04F79EFBC}") = "Assembly-CSharp-Editor", "Assembly-CSharp-Editor.csproj", "{e3487126-2929-9fcb-da0b-9a28d5b87473}"
EndProject
Global
	GlobalSection(SolutionConfigurationPlatforms) = preSolution
		Debug|Any CPU = Debug|Any CPU
	EndGlobalSection
	GlobalSection(ProjectConfigurationPlatforms) = postSolution
		{c9223e4a-72a6-254a-16b3-f269cbee17e6}.Debug|Any CPU.ActiveCfg = Debug|Any CPU
		{c9223e4a-72a6-254a-16b3-f269cbee17e6}.Debug|Any CPU.Build.0 = Debug|Any CPU
		{e3487126-2929-9fcb-da0b-9a28d5b87473}.Debug|Any CPU.ActiveCfg = Debug|Any CPU
		{e3487126-2929-9fcb-da0b-9a28d5b87473}.Debug|Any CPU.Build.0 = Debug|Any CPU
	EndGlobalSection
	GlobalSection(SolutionProperties) = preSolution
		HideSolutionNode = FALSE
	EndGlobalSection
EndGlobal
